
Microsoft Visual Studio Solution File, Format Version 12.00
# Visual Studio Version 16
VisualStudioVersion = 16.0.30621.155
MinimumVisualStudioVersion = 10.0.40219.1
Project("{FAE04EC0-301F-11D3-BF4B-00C04F79EFBC}") = "NoteMode", "NodeMode\NoteMode.csproj", "{7AEA6EB0-813C-4FD8-9C81-465ED7254AC3}"
EndProject
Global
	GlobalSection(SolutionConfigurationPlatforms) = preSolution
		Debug|Any CPU = Debug|Any CPU
		Release|Any CPU = Release|Any CPU
	EndGlobalSection
	GlobalSection(ProjectConfigurationPlatforms) = postSolution
		{7AEA6EB0-813C-4FD8-9C81-465ED7254AC3}.Debug|Any CPU.ActiveCfg = Debug|Any CPU
		{7AEA6EB0-813C-4FD8-9C81-465ED7254AC3}.Debug|Any CPU.Build.0 = Debug|Any CPU
		{7AEA6EB0-813C-4FD8-9C81-465ED7254AC3}.Release|Any CPU.ActiveCfg = Release|Any CPU
		{7AEA6EB0-813C-4FD8-9C81-465ED7254AC3}.Release|Any CPU.Build.0 = Release|Any CPU
	EndGlobalSection
	GlobalSection(SolutionProperties) = preSolution
		HideSolutionNode = FALSE
	EndGlobalSection
	GlobalSection(ExtensibilityGlobals) = postSolution
		SolutionGuid = {FBC2CEAB-566A-49CA-999E-64230F6E062D}
	EndGlobalSection
EndGlobal
